
Microsoft Visual Studio Solution File, Format Version 12.00
# Visual Studio Version 17
VisualStudioVersion = 17.2.32616.157
MinimumVisualStudioVersion = 10.0.40219.1
Project("{FAE04EC0-301F-11D3-BF4B-00C04F79EFBC}") = "WPF_Nuovo", "WPF_Nuovo\WPF_Nuovo.csproj", "{728D06F8-23BF-480B-9826-7A521BA033F1}"
EndProject
Global
	GlobalSection(SolutionConfigurationPlatforms) = preSolution
		Debug|Any CPU = Debug|Any CPU
		Release|Any CPU = Release|Any CPU
	EndGlobalSection
	GlobalSection(ProjectConfigurationPlatforms) = postSolution
		{728D06F8-23BF-480B-9826-7A521BA033F1}.Debug|Any CPU.ActiveCfg = Debug|Any CPU
		{728D06F8-23BF-480B-9826-7A521BA033F1}.Debug|Any CPU.Build.0 = Debug|Any CPU
		{728D06F8-23BF-480B-9826-7A521BA033F1}.Release|Any CPU.ActiveCfg = Release|Any CPU
		{728D06F8-23BF-480B-9826-7A521BA033F1}.Release|Any CPU.Build.0 = Release|Any CPU
	EndGlobalSection
	GlobalSection(SolutionProperties) = preSolution
		HideSolutionNode = FALSE
	EndGlobalSection
	GlobalSection(ExtensibilityGlobals) = postSolution
		SolutionGuid = {2382F466-1B5B-4EDC-B71D-2ED67AE218B1}
	EndGlobalSection
EndGlobal
